
Microsoft Visual Studio Solution File, Format Version 12.00
# Visual Studio Version 16
VisualStudioVersion = 16.0.30002.166
MinimumVisualStudioVersion = 10.0.40219.1
Project("{FAE04EC0-301F-11D3-BF4B-00C04F79EFBC}") = "webapi_csharp", "webapi_csharp.csproj", "{022A51A5-576E-45BD-BB86-92AA10F4DA7C}"
EndProject
Global
	GlobalSection(SolutionConfigurationPlatforms) = preSolution
		Debug|Any CPU = Debug|Any CPU
		Release|Any CPU = Release|Any CPU
	EndGlobalSection
	GlobalSection(ProjectConfigurationPlatforms) = postSolution
		{022A51A5-576E-45BD-BB86-92AA10F4DA7C}.Debug|Any CPU.ActiveCfg = Debug|Any CPU
		{022A51A5-576E-45BD-BB86-92AA10F4DA7C}.Debug|Any CPU.Build.0 = Debug|Any CPU
		{022A51A5-576E-45BD-BB86-92AA10F4DA7C}.Release|Any CPU.ActiveCfg = Release|Any CPU
		{022A51A5-576E-45BD-BB86-92AA10F4DA7C}.Release|Any CPU.Build.0 = Release|Any CPU
	EndGlobalSection
	GlobalSection(SolutionProperties) = preSolution
		HideSolutionNode = FALSE
	EndGlobalSection
	GlobalSection(ExtensibilityGlobals) = postSolution
		SolutionGuid = {EDDC0531-6CA0-4433-81EC-000A5F52DFB9}
	EndGlobalSection
EndGlobal
